
Microsoft Visual Studio Solution File, Format Version 12.00
# Visual Studio Version 17
VisualStudioVersion = 17.0.31903.59
MinimumVisualStudioVersion = 10.0.40219.1
Project("{FAE04EC0-301F-11D3-BF4B-00C04F79EFBC}") = "MyPointOfSale.WinFormsApp", "MyPointOfSale.WinFormsApp\MyPointOfSale.WinFormsApp.csproj", "{C1D303EA-01CD-44B0-95DA-913E13565F27}"
EndProject
Project("{FAE04EC0-301F-11D3-BF4B-00C04F79EFBC}") = "MyPointOfSale.Models", "MyPointOfSale.Models\MyPointOfSale.Models.csproj", "{EEFB9CDF-02A4-452D-A062-A21B177E9F00}"
EndProject
Project("{FAE04EC0-301F-11D3-BF4B-00C04F79EFBC}") = "MyPointOfSale.DataAccessSQLServer", "MyPointOfSale.DataAccessSQLServer\MyPointOfSale.DataAccessSQLServer.csproj", "{2DAA7AC6-22A5-4E74-BEA2-7075CEE5C112}"
EndProject
Global
	GlobalSection(SolutionConfigurationPlatforms) = preSolution
		Debug|Any CPU = Debug|Any CPU
		Release|Any CPU = Release|Any CPU
	EndGlobalSection
	GlobalSection(ProjectConfigurationPlatforms) = postSolution
		{C1D303EA-01CD-44B0-95DA-913E13565F27}.Debug|Any CPU.ActiveCfg = Debug|Any CPU
		{C1D303EA-01CD-44B0-95DA-913E13565F27}.Debug|Any CPU.Build.0 = Debug|Any CPU
		{C1D303EA-01CD-44B0-95DA-913E13565F27}.Release|Any CPU.ActiveCfg = Release|Any CPU
		{C1D303EA-01CD-44B0-95DA-913E13565F27}.Release|Any CPU.Build.0 = Release|Any CPU
		{EEFB9CDF-02A4-452D-A062-A21B177E9F00}.Debug|Any CPU.ActiveCfg = Debug|Any CPU
		{EEFB9CDF-02A4-452D-A062-A21B177E9F00}.Debug|Any CPU.Build.0 = Debug|Any CPU
		{EEFB9CDF-02A4-452D-A062-A21B177E9F00}.Release|Any CPU.ActiveCfg = Release|Any CPU
		{EEFB9CDF-02A4-452D-A062-A21B177E9F00}.Release|Any CPU.Build.0 = Release|Any CPU
		{2DAA7AC6-22A5-4E74-BEA2-7075CEE5C112}.Debug|Any CPU.ActiveCfg = Debug|Any CPU
		{2DAA7AC6-22A5-4E74-BEA2-7075CEE5C112}.Debug|Any CPU.Build.0 = Debug|Any CPU
		{2DAA7AC6-22A5-4E74-BEA2-7075CEE5C112}.Release|Any CPU.ActiveCfg = Release|Any CPU
		{2DAA7AC6-22A5-4E74-BEA2-7075CEE5C112}.Release|Any CPU.Build.0 = Release|Any CPU
	EndGlobalSection
	GlobalSection(SolutionProperties) = preSolution
		HideSolutionNode = FALSE
	EndGlobalSection
	GlobalSection(ExtensibilityGlobals) = postSolution
		SolutionGuid = {60E831F2-3551-4A34-B89A-BEDC40DA1809}
	EndGlobalSection
EndGlobal
