
Microsoft Visual Studio Solution File, Format Version 12.00
# Visual Studio Version 17
VisualStudioVersion = 17.0.31903.59
MinimumVisualStudioVersion = 10.0.40219.1
Project("{FAE04EC0-301F-11D3-BF4B-00C04F79EFBC}") = "MyPointOfSale.Models", "MyPointOfSale.Models\MyPointOfSale.Models.csproj", "{3D26917D-E33F-4E0D-9E8B-9D9CC7C48086}"
EndProject
Project("{FAE04EC0-301F-11D3-BF4B-00C04F79EFBC}") = "MyPointOfSale.Controllers", "MyPointOfSale.Controllers\MyPointOfSale.Controllers.csproj", "{C54F9A26-BB08-4B91-A72D-33511FF817DF}"
EndProject
Project("{FAE04EC0-301F-11D3-BF4B-00C04F79EFBC}") = "MyPointOfSale.ViewModels", "MyPointOfSale.ViewModels\MyPointOfSale.ViewModels.csproj", "{E26D0A4E-8ABA-4402-85A3-D2B0B949CF20}"
EndProject
Project("{FAE04EC0-301F-11D3-BF4B-00C04F79EFBC}") = "MyPointOfSale.WinFormApp", "MyPointOfSale.WinFormApp\MyPointOfSale.WinFormApp.csproj", "{237DC431-24D1-4E3F-99BC-EA9DB93F4878}"
EndProject
Global
	GlobalSection(SolutionConfigurationPlatforms) = preSolution
		Debug|Any CPU = Debug|Any CPU
		Release|Any CPU = Release|Any CPU
	EndGlobalSection
	GlobalSection(ProjectConfigurationPlatforms) = postSolution
		{3D26917D-E33F-4E0D-9E8B-9D9CC7C48086}.Debug|Any CPU.ActiveCfg = Debug|Any CPU
		{3D26917D-E33F-4E0D-9E8B-9D9CC7C48086}.Debug|Any CPU.Build.0 = Debug|Any CPU
		{3D26917D-E33F-4E0D-9E8B-9D9CC7C48086}.Release|Any CPU.ActiveCfg = Release|Any CPU
		{3D26917D-E33F-4E0D-9E8B-9D9CC7C48086}.Release|Any CPU.Build.0 = Release|Any CPU
		{C54F9A26-BB08-4B91-A72D-33511FF817DF}.Debug|Any CPU.ActiveCfg = Debug|Any CPU
		{C54F9A26-BB08-4B91-A72D-33511FF817DF}.Debug|Any CPU.Build.0 = Debug|Any CPU
		{C54F9A26-BB08-4B91-A72D-33511FF817DF}.Release|Any CPU.ActiveCfg = Release|Any CPU
		{C54F9A26-BB08-4B91-A72D-33511FF817DF}.Release|Any CPU.Build.0 = Release|Any CPU
		{E26D0A4E-8ABA-4402-85A3-D2B0B949CF20}.Debug|Any CPU.ActiveCfg = Debug|Any CPU
		{E26D0A4E-8ABA-4402-85A3-D2B0B949CF20}.Debug|Any CPU.Build.0 = Debug|Any CPU
		{E26D0A4E-8ABA-4402-85A3-D2B0B949CF20}.Release|Any CPU.ActiveCfg = Release|Any CPU
		{E26D0A4E-8ABA-4402-85A3-D2B0B949CF20}.Release|Any CPU.Build.0 = Release|Any CPU
		{237DC431-24D1-4E3F-99BC-EA9DB93F4878}.Debug|Any CPU.ActiveCfg = Debug|Any CPU
		{237DC431-24D1-4E3F-99BC-EA9DB93F4878}.Debug|Any CPU.Build.0 = Debug|Any CPU
		{237DC431-24D1-4E3F-99BC-EA9DB93F4878}.Release|Any CPU.ActiveCfg = Release|Any CPU
		{237DC431-24D1-4E3F-99BC-EA9DB93F4878}.Release|Any CPU.Build.0 = Release|Any CPU
	EndGlobalSection
	GlobalSection(SolutionProperties) = preSolution
		HideSolutionNode = FALSE
	EndGlobalSection
	GlobalSection(ExtensibilityGlobals) = postSolution
		SolutionGuid = {60E831F2-3551-4A34-B89A-BEDC40DA1809}
	EndGlobalSection
EndGlobal
