
Microsoft Visual Studio Solution File, Format Version 12.00
# Visual Studio Version 17
VisualStudioVersion = 17.0.31903.59
MinimumVisualStudioVersion = 10.0.40219.1
Project("{FAE04EC0-301F-11D3-BF4B-00C04F79EFBC}") = "MyPointOfSale.Models", "MyPointOfSale.Models\MyPointOfSale.Models.csproj", "{EEFB9CDF-02A4-452D-A062-A21B177E9F00}"
EndProject
Project("{FAE04EC0-301F-11D3-BF4B-00C04F79EFBC}") = "MyPointOfSale.DataAccessSQLServer", "MyPointOfSale.DataAccessSQLServer\MyPointOfSale.DataAccessSQLServer.csproj", "{2DAA7AC6-22A5-4E74-BEA2-7075CEE5C112}"
EndProject
Project("{FAE04EC0-301F-11D3-BF4B-00C04F79EFBC}") = "MyPointOfSale.Controllers", "MyPointOfSale.Controllers\MyPointOfSale.Controllers.csproj", "{D934D7E1-4EE3-4F52-BA6D-BB746C0B3FDC}"
EndProject
Project("{FAE04EC0-301F-11D3-BF4B-00C04F79EFBC}") = "MyPointOfSale.ViewModels", "MyPointOfSale.ViewModels\MyPointOfSale.ViewModels.csproj", "{2D7AC694-F044-4407-8E04-6C85FC42CAA8}"
EndProject
Project("{FAE04EC0-301F-11D3-BF4B-00C04F79EFBC}") = "MyPointOfSale.Common", "MyPointOfSale.Common\MyPointOfSale.Common.csproj", "{F27A81AE-A3D0-4DBB-A473-09D5A1BE7A2A}"
EndProject
Project("{FAE04EC0-301F-11D3-BF4B-00C04F79EFBC}") = "MyPointOfSale.WinForm", "MyPointOfSale.WinForm\MyPointOfSale.WinForm.csproj", "{A2DAFD23-C73B-4149-8588-29AE6D3A5C77}"
EndProject
Project("{FAE04EC0-301F-11D3-BF4B-00C04F79EFBC}") = "MyPointOfSale.Tests.Models", "MyPointOfSale.Tests.Models\MyPointOfSale.Tests.Models.csproj", "{CFFEE6BB-BCF4-4573-A8E1-E18692973353}"
EndProject
Global
	GlobalSection(SolutionConfigurationPlatforms) = preSolution
		Debug|Any CPU = Debug|Any CPU
		Release|Any CPU = Release|Any CPU
	EndGlobalSection
	GlobalSection(ProjectConfigurationPlatforms) = postSolution
		{EEFB9CDF-02A4-452D-A062-A21B177E9F00}.Debug|Any CPU.ActiveCfg = Debug|Any CPU
		{EEFB9CDF-02A4-452D-A062-A21B177E9F00}.Debug|Any CPU.Build.0 = Debug|Any CPU
		{EEFB9CDF-02A4-452D-A062-A21B177E9F00}.Release|Any CPU.ActiveCfg = Release|Any CPU
		{EEFB9CDF-02A4-452D-A062-A21B177E9F00}.Release|Any CPU.Build.0 = Release|Any CPU
		{2DAA7AC6-22A5-4E74-BEA2-7075CEE5C112}.Debug|Any CPU.ActiveCfg = Debug|Any CPU
		{2DAA7AC6-22A5-4E74-BEA2-7075CEE5C112}.Debug|Any CPU.Build.0 = Debug|Any CPU
		{2DAA7AC6-22A5-4E74-BEA2-7075CEE5C112}.Release|Any CPU.ActiveCfg = Release|Any CPU
		{2DAA7AC6-22A5-4E74-BEA2-7075CEE5C112}.Release|Any CPU.Build.0 = Release|Any CPU
		{D934D7E1-4EE3-4F52-BA6D-BB746C0B3FDC}.Debug|Any CPU.ActiveCfg = Debug|Any CPU
		{D934D7E1-4EE3-4F52-BA6D-BB746C0B3FDC}.Debug|Any CPU.Build.0 = Debug|Any CPU
		{D934D7E1-4EE3-4F52-BA6D-BB746C0B3FDC}.Release|Any CPU.ActiveCfg = Release|Any CPU
		{D934D7E1-4EE3-4F52-BA6D-BB746C0B3FDC}.Release|Any CPU.Build.0 = Release|Any CPU
		{2D7AC694-F044-4407-8E04-6C85FC42CAA8}.Debug|Any CPU.ActiveCfg = Debug|Any CPU
		{2D7AC694-F044-4407-8E04-6C85FC42CAA8}.Debug|Any CPU.Build.0 = Debug|Any CPU
		{2D7AC694-F044-4407-8E04-6C85FC42CAA8}.Release|Any CPU.ActiveCfg = Release|Any CPU
		{2D7AC694-F044-4407-8E04-6C85FC42CAA8}.Release|Any CPU.Build.0 = Release|Any CPU
		{F27A81AE-A3D0-4DBB-A473-09D5A1BE7A2A}.Debug|Any CPU.ActiveCfg = Debug|Any CPU
		{F27A81AE-A3D0-4DBB-A473-09D5A1BE7A2A}.Debug|Any CPU.Build.0 = Debug|Any CPU
		{F27A81AE-A3D0-4DBB-A473-09D5A1BE7A2A}.Release|Any CPU.ActiveCfg = Release|Any CPU
		{F27A81AE-A3D0-4DBB-A473-09D5A1BE7A2A}.Release|Any CPU.Build.0 = Release|Any CPU
		{A2DAFD23-C73B-4149-8588-29AE6D3A5C77}.Debug|Any CPU.ActiveCfg = Debug|Any CPU
		{A2DAFD23-C73B-4149-8588-29AE6D3A5C77}.Debug|Any CPU.Build.0 = Debug|Any CPU
		{A2DAFD23-C73B-4149-8588-29AE6D3A5C77}.Release|Any CPU.ActiveCfg = Release|Any CPU
		{A2DAFD23-C73B-4149-8588-29AE6D3A5C77}.Release|Any CPU.Build.0 = Release|Any CPU
		{CFFEE6BB-BCF4-4573-A8E1-E18692973353}.Debug|Any CPU.ActiveCfg = Debug|Any CPU
		{CFFEE6BB-BCF4-4573-A8E1-E18692973353}.Debug|Any CPU.Build.0 = Debug|Any CPU
		{CFFEE6BB-BCF4-4573-A8E1-E18692973353}.Release|Any CPU.ActiveCfg = Release|Any CPU
		{CFFEE6BB-BCF4-4573-A8E1-E18692973353}.Release|Any CPU.Build.0 = Release|Any CPU
	EndGlobalSection
	GlobalSection(SolutionProperties) = preSolution
		HideSolutionNode = FALSE
	EndGlobalSection
	GlobalSection(ExtensibilityGlobals) = postSolution
		SolutionGuid = {60E831F2-3551-4A34-B89A-BEDC40DA1809}
	EndGlobalSection
EndGlobal
